
Microsoft Visual Studio Solution File, Format Version 12.00
# Visual Studio Version 17
VisualStudioVersion = 17.5.33516.290
MinimumVisualStudioVersion = 10.0.40219.1
Project("{FAE04EC0-301F-11D3-BF4B-00C04F79EFBC}") = "Ejercicio10", "Ejercicio10\Ejercicio10.csproj", "{04915A69-611B-43D6-9ECF-4B1839C7CCAD}"
EndProject
Global
	GlobalSection(SolutionConfigurationPlatforms) = preSolution
		Debug|Any CPU = Debug|Any CPU
		Release|Any CPU = Release|Any CPU
	EndGlobalSection
	GlobalSection(ProjectConfigurationPlatforms) = postSolution
		{04915A69-611B-43D6-9ECF-4B1839C7CCAD}.Debug|Any CPU.ActiveCfg = Debug|Any CPU
		{04915A69-611B-43D6-9ECF-4B1839C7CCAD}.Debug|Any CPU.Build.0 = Debug|Any CPU
		{04915A69-611B-43D6-9ECF-4B1839C7CCAD}.Release|Any CPU.ActiveCfg = Release|Any CPU
		{04915A69-611B-43D6-9ECF-4B1839C7CCAD}.Release|Any CPU.Build.0 = Release|Any CPU
	EndGlobalSection
	GlobalSection(SolutionProperties) = preSolution
		HideSolutionNode = FALSE
	EndGlobalSection
	GlobalSection(ExtensibilityGlobals) = postSolution
		SolutionGuid = {4C932A73-8F2B-44F1-AECF-32672FDC6C45}
	EndGlobalSection
EndGlobal
